
Microsoft Visual Studio Solution File, Format Version 12.00
# Visual Studio Version 16
VisualStudioVersion = 16.0.30907.101
MinimumVisualStudioVersion = 10.0.40219.1
Project("{9A19103F-16F7-4668-BE54-9A1E7A4F7556}") = "DataAccess", "DataAccess\DataAccess.csproj", "{CD5FEE62-E53C-4BE6-88B6-AD8285C01DB7}"
EndProject
Project("{9A19103F-16F7-4668-BE54-9A1E7A4F7556}") = "Business", "Business\Business.csproj", "{417F14E0-7903-47BD-BFA8-7CB6A37F824A}"
EndProject
Project("{9A19103F-16F7-4668-BE54-9A1E7A4F7556}") = "Entities", "Entities\Entities.csproj", "{20C65960-7B01-415E-830E-101C1D379300}"
EndProject
Project("{9A19103F-16F7-4668-BE54-9A1E7A4F7556}") = "ConsoleUI", "ConsoleUI\ConsoleUI.csproj", "{C47F1644-8911-46D1-8C7E-44AE6C272B26}"
EndProject
Project("{9A19103F-16F7-4668-BE54-9A1E7A4F7556}") = "Core", "Core\Core.csproj", "{83EB4D26-CFE9-4606-BE7B-B691AD4DA496}"
EndProject
Project("{FAE04EC0-301F-11D3-BF4B-00C04F79EFBC}") = "WebAPI", "WebAPI\WebAPI.csproj", "{2844A078-190F-4B04-A30B-412BD162DE34}"
EndProject
Global
	GlobalSection(SolutionConfigurationPlatforms) = preSolution
		Debug|Any CPU = Debug|Any CPU
		Release|Any CPU = Release|Any CPU
	EndGlobalSection
	GlobalSection(ProjectConfigurationPlatforms) = postSolution
		{CD5FEE62-E53C-4BE6-88B6-AD8285C01DB7}.Debug|Any CPU.ActiveCfg = Debug|Any CPU
		{CD5FEE62-E53C-4BE6-88B6-AD8285C01DB7}.Debug|Any CPU.Build.0 = Debug|Any CPU
		{CD5FEE62-E53C-4BE6-88B6-AD8285C01DB7}.Release|Any CPU.ActiveCfg = Release|Any CPU
		{CD5FEE62-E53C-4BE6-88B6-AD8285C01DB7}.Release|Any CPU.Build.0 = Release|Any CPU
		{417F14E0-7903-47BD-BFA8-7CB6A37F824A}.Debug|Any CPU.ActiveCfg = Debug|Any CPU
		{417F14E0-7903-47BD-BFA8-7CB6A37F824A}.Debug|Any CPU.Build.0 = Debug|Any CPU
		{417F14E0-7903-47BD-BFA8-7CB6A37F824A}.Release|Any CPU.ActiveCfg = Release|Any CPU
		{417F14E0-7903-47BD-BFA8-7CB6A37F824A}.Release|Any CPU.Build.0 = Release|Any CPU
		{20C65960-7B01-415E-830E-101C1D379300}.Debug|Any CPU.ActiveCfg = Debug|Any CPU
		{20C65960-7B01-415E-830E-101C1D379300}.Debug|Any CPU.Build.0 = Debug|Any CPU
		{20C65960-7B01-415E-830E-101C1D379300}.Release|Any CPU.ActiveCfg = Release|Any CPU
		{20C65960-7B01-415E-830E-101C1D379300}.Release|Any CPU.Build.0 = Release|Any CPU
		{C47F1644-8911-46D1-8C7E-44AE6C272B26}.Debug|Any CPU.ActiveCfg = Debug|Any CPU
		{C47F1644-8911-46D1-8C7E-44AE6C272B26}.Debug|Any CPU.Build.0 = Debug|Any CPU
		{C47F1644-8911-46D1-8C7E-44AE6C272B26}.Release|Any CPU.ActiveCfg = Release|Any CPU
		{C47F1644-8911-46D1-8C7E-44AE6C272B26}.Release|Any CPU.Build.0 = Release|Any CPU
		{83EB4D26-CFE9-4606-BE7B-B691AD4DA496}.Debug|Any CPU.ActiveCfg = Debug|Any CPU
		{83EB4D26-CFE9-4606-BE7B-B691AD4DA496}.Debug|Any CPU.Build.0 = Debug|Any CPU
		{83EB4D26-CFE9-4606-BE7B-B691AD4DA496}.Release|Any CPU.ActiveCfg = Release|Any CPU
		{83EB4D26-CFE9-4606-BE7B-B691AD4DA496}.Release|Any CPU.Build.0 = Release|Any CPU
		{2844A078-190F-4B04-A30B-412BD162DE34}.Debug|Any CPU.ActiveCfg = Debug|Any CPU
		{2844A078-190F-4B04-A30B-412BD162DE34}.Debug|Any CPU.Build.0 = Debug|Any CPU
		{2844A078-190F-4B04-A30B-412BD162DE34}.Release|Any CPU.ActiveCfg = Release|Any CPU
		{2844A078-190F-4B04-A30B-412BD162DE34}.Release|Any CPU.Build.0 = Release|Any CPU
	EndGlobalSection
	GlobalSection(SolutionProperties) = preSolution
		HideSolutionNode = FALSE
	EndGlobalSection
	GlobalSection(ExtensibilityGlobals) = postSolution
		SolutionGuid = {780B766B-D6F3-4358-B9A7-860640C3A6AD}
	EndGlobalSection
EndGlobal
